{
    "_readme": [
        "This file locks the dependencies of your project to a known state",
        "Read more about it at http://getcomposer.org/doc/01-basic-usage.md#composer-lock-the-lock-file",
        "This file is @generated automatically"
    ],
    "hash": "250fd6e7e386b2620e1afd5a21b93298",
    "packages": [
        {
            "name": "websharks/html-compressor",
            "version": "dev-master",
            "source": {
                "type": "git",
                "url": "https://github.com/websharks/html-compressor.git",
                "reference": "b0ba142763f68772b66a230cd1a40f8ec4edd19d"
            },
            "dist": {
                "type": "zip",
                "url": "https://api.github.com/repos/websharks/html-compressor/zipball/b0ba142763f68772b66a230cd1a40f8ec4edd19d",
                "reference": "b0ba142763f68772b66a230cd1a40f8ec4edd19d",
                "shasum": ""
            },
            "require": {
                "ext-curl": "*",
                "ext-mbstring": "*",
                "ext-openssl": "*",
                "php": ">=5.3",
                "websharks/js-minifier": "dev-master"
            },
            "type": "library",
            "autoload": {
                "psr-4": {
                    "WebSharks\\HtmlCompressor\\": "src/includes/classes"
                }
            },
            "notification-url": "https://packagist.org/downloads/",
            "license": [
                "GPL-3.0+"
            ],
            "authors": [
                {
                    "name": "websharks",
                    "homepage": "http://websharks-inc.com/",
                    "role": "company"
                },
                {
                    "name": "jaswsinc",
                    "homepage": "http://jaswsinc.com/",
                    "role": "developer"
                },
                {
                    "name": "raamdev",
                    "homepage": "http://raam.org/",
                    "role": "developer"
                }
            ],
            "description": "Combines & compresses CSS/JS/HTML code.",
            "homepage": "https://github.com/websharks/html-compressor",
            "keywords": [
                "compressor",
                "html",
                "websharks"
            ],
            "time": "2015-05-10 11:45:29"
        },
        {
            "name": "websharks/js-minifier",
            "version": "dev-master",
            "source": {
                "type": "git",
                "url": "https://github.com/websharks/js-minifier.git",
                "reference": "212cca9bb69a1e591219a86aa88c285cc6362e30"
            },
            "dist": {
                "type": "zip",
                "url": "https://api.github.com/repos/websharks/js-minifier/zipball/212cca9bb69a1e591219a86aa88c285cc6362e30",
                "reference": "212cca9bb69a1e591219a86aa88c285cc6362e30",
                "shasum": ""
            },
            "require": {
                "ext-mbstring": "*",
                "php": ">=5.3"
            },
            "type": "library",
            "autoload": {
                "psr-4": {
                    "WebSharks\\JsMinifier\\": "src/includes/classes"
                }
            },
            "notification-url": "https://packagist.org/downloads/",
            "license": [
                "GPL-3.0+"
            ],
            "authors": [
                {
                    "name": "websharks",
                    "homepage": "http://websharks-inc.com/",
                    "role": "company"
                },
                {
                    "name": "jaswsinc",
                    "homepage": "http://jaswsinc.com/",
                    "role": "developer"
                },
                {
                    "name": "raamdev",
                    "homepage": "http://raam.org/",
                    "role": "developer"
                }
            ],
            "description": "Compresses JavaScript code.",
            "homepage": "https://github.com/websharks/js-minifier",
            "keywords": [
                "JS",
                "compressor",
                "javascript",
                "websharks"
            ],
            "time": "2015-05-10 11:46:24"
        },
        {
            "name": "websharks/sharkicons",
            "version": "dev-master",
            "source": {
                "type": "git",
                "url": "https://github.com/websharks/sharkicons.git",
                "reference": "c8f47d45971d6a2e3c58799ac7a6a7bdcfb0485d"
            },
            "dist": {
                "type": "zip",
                "url": "https://api.github.com/repos/websharks/sharkicons/zipball/c8f47d45971d6a2e3c58799ac7a6a7bdcfb0485d",
                "reference": "c8f47d45971d6a2e3c58799ac7a6a7bdcfb0485d",
                "shasum": ""
            },
            "type": "library",
            "notification-url": "https://packagist.org/downloads/",
            "license": [
                "GPL-3.0+"
            ],
            "authors": [
                {
                    "name": "websharks",
                    "homepage": "http://websharks-inc.com/",
                    "role": "company"
                },
                {
                    "name": "jaswsinc",
                    "homepage": "http://jaswsinc.com/",
                    "role": "developer"
                },
                {
                    "name": "raamdev",
                    "homepage": "http://raam.org/",
                    "role": "developer"
                }
            ],
            "description": "Font containing WebSharks logos/icons.",
            "homepage": "https://github.com/websharks/sharkicons",
            "keywords": [
                "php",
                "websharks",
                "wordpress"
            ],
            "time": "2015-05-10 11:47:21"
        },
        {
            "name": "websharks/wp-php-rv",
            "version": "dev-master",
            "source": {
                "type": "git",
                "url": "https://github.com/websharks/wp-php-rv.git",
                "reference": "f9959e60e58e1f921141163730d3189f13ac3663"
            },
            "dist": {
                "type": "zip",
                "url": "https://api.github.com/repos/websharks/wp-php-rv/zipball/f9959e60e58e1f921141163730d3189f13ac3663",
                "reference": "f9959e60e58e1f921141163730d3189f13ac3663",
                "shasum": ""
            },
            "require": {
                "php": ">=5.2"
            },
            "type": "library",
            "notification-url": "https://packagist.org/downloads/",
            "license": [
                "GPL-3.0+"
            ],
            "authors": [
                {
                    "name": "websharks",
                    "homepage": "http://websharks-inc.com/",
                    "role": "company"
                },
                {
                    "name": "jaswsinc",
                    "homepage": "http://jaswsinc.com/",
                    "role": "developer"
                },
                {
                    "name": "raamdev",
                    "homepage": "http://raam.org/",
                    "role": "developer"
                }
            ],
            "description": "Stub for WordPress themes/plugins that require PHP vX.x+.",
            "homepage": "https://github.com/websharks/wp-php-rv",
            "keywords": [
                "php",
                "websharks",
                "wordpress"
            ],
            "time": "2015-05-10 11:47:34"
        }
    ],
    "packages-dev": [],
    "aliases": [],
    "minimum-stability": "dev",
    "stability-flags": {
        "websharks/wp-php-rv": 20,
        "websharks/html-compressor": 20,
        "websharks/sharkicons": 20
    },
    "prefer-stable": true,
    "prefer-lowest": false,
    "platform": {
        "php": ">=5.3"
    },
    "platform-dev": []
}
