{
    "_readme": [
        "This file locks the dependencies of your project to a known state",
        "Read more about it at http://getcomposer.org/doc/01-basic-usage.md#composer-lock-the-lock-file",
        "This file is @generated automatically"
    ],
    "hash": "12c36044b59b4342790b547c56e7ddc9",
    "packages": [
        {
            "name": "websharks/html-compressor",
            "version": "dev-master",
            "source": {
                "type": "git",
                "url": "https://github.com/websharks/html-compressor.git",
                "reference": "82118d2608300862dbc4227b98968a4cc7a1b959"
            },
            "dist": {
                "type": "zip",
                "url": "https://api.github.com/repos/websharks/html-compressor/zipball/82118d2608300862dbc4227b98968a4cc7a1b959",
                "reference": "82118d2608300862dbc4227b98968a4cc7a1b959",
                "shasum": ""
            },
            "require": {
                "ext-curl": "*",
                "ext-mbstring": "*",
                "ext-openssl": "*",
                "php": ">=5.3",
                "websharks/js-minifier": "dev-master"
            },
            "type": "library",
            "autoload": {
                "psr-4": {
                    "WebSharks\\HtmlCompressor\\": "src/includes/classes"
                }
            },
            "notification-url": "https://packagist.org/downloads/",
            "license": [
                "GPL-3.0+"
            ],
            "authors": [
                {
                    "name": "websharks",
                    "homepage": "http://websharks-inc.com/",
                    "role": "company"
                },
                {
                    "name": "jaswsinc",
                    "homepage": "http://jaswsinc.com/",
                    "role": "developer"
                },
                {
                    "name": "raamdev",
                    "homepage": "http://raam.org/",
                    "role": "developer"
                }
            ],
            "description": "Combines & compresses CSS/JS/HTML code.",
            "homepage": "https://github.com/websharks/html-compressor",
            "keywords": [
                "compressor",
                "html",
                "websharks"
            ],
            "time": "2015-05-06 07:27:18"
        },
        {
            "name": "websharks/js-minifier",
            "version": "dev-master",
            "source": {
                "type": "git",
                "url": "https://github.com/websharks/js-minifier.git",
                "reference": "c99b9d836fbb4ea94d0db2055ffd524e880ea04d"
            },
            "dist": {
                "type": "zip",
                "url": "https://api.github.com/repos/websharks/js-minifier/zipball/c99b9d836fbb4ea94d0db2055ffd524e880ea04d",
                "reference": "c99b9d836fbb4ea94d0db2055ffd524e880ea04d",
                "shasum": ""
            },
            "require": {
                "ext-mbstring": "*",
                "php": ">=5.3"
            },
            "type": "library",
            "autoload": {
                "psr-4": {
                    "WebSharks\\JsMinifier\\": "src/includes/classes"
                }
            },
            "notification-url": "https://packagist.org/downloads/",
            "license": [
                "GPL-3.0+"
            ],
            "authors": [
                {
                    "name": "websharks",
                    "homepage": "http://websharks-inc.com/",
                    "role": "company"
                },
                {
                    "name": "jaswsinc",
                    "homepage": "http://jaswsinc.com/",
                    "role": "developer"
                },
                {
                    "name": "raamdev",
                    "homepage": "http://raam.org/",
                    "role": "developer"
                }
            ],
            "description": "Compresses JavaScript code.",
            "homepage": "https://github.com/websharks/js-minifier",
            "keywords": [
                "JS",
                "compressor",
                "javascript",
                "websharks"
            ],
            "time": "2015-05-06 07:23:27"
        },
        {
            "name": "websharks/sharkicons",
            "version": "dev-master",
            "source": {
                "type": "git",
                "url": "https://github.com/websharks/sharkicons.git",
                "reference": "4e0c7c23c6aa86a77659e095b8b14eaac732e6f5"
            },
            "dist": {
                "type": "zip",
                "url": "https://api.github.com/repos/websharks/sharkicons/zipball/4e0c7c23c6aa86a77659e095b8b14eaac732e6f5",
                "reference": "4e0c7c23c6aa86a77659e095b8b14eaac732e6f5",
                "shasum": ""
            },
            "type": "library",
            "notification-url": "https://packagist.org/downloads/",
            "license": [
                "GPL-3.0+"
            ],
            "authors": [
                {
                    "name": "websharks",
                    "homepage": "http://websharks-inc.com/",
                    "role": "company"
                },
                {
                    "name": "jaswsinc",
                    "homepage": "http://jaswsinc.com/",
                    "role": "developer"
                },
                {
                    "name": "raamdev",
                    "homepage": "http://raam.org/",
                    "role": "developer"
                }
            ],
            "description": "Font containing WebSharks logos/icons.",
            "homepage": "https://github.com/websharks/sharkicons",
            "keywords": [
                "php",
                "websharks",
                "wordpress"
            ],
            "time": "2015-04-25 23:30:17"
        },
        {
            "name": "websharks/wp-php-rv",
            "version": "dev-master",
            "source": {
                "type": "git",
                "url": "https://github.com/websharks/wp-php-rv.git",
                "reference": "3ba4182fe50a07602c5133f697ec2310d88138ce"
            },
            "dist": {
                "type": "zip",
                "url": "https://api.github.com/repos/websharks/wp-php-rv/zipball/3ba4182fe50a07602c5133f697ec2310d88138ce",
                "reference": "3ba4182fe50a07602c5133f697ec2310d88138ce",
                "shasum": ""
            },
            "require": {
                "php": ">=5.2"
            },
            "type": "library",
            "notification-url": "https://packagist.org/downloads/",
            "license": [
                "GPL-3.0+"
            ],
            "authors": [
                {
                    "name": "websharks",
                    "homepage": "http://websharks-inc.com/",
                    "role": "company"
                },
                {
                    "name": "jaswsinc",
                    "homepage": "http://jaswsinc.com/",
                    "role": "developer"
                },
                {
                    "name": "raamdev",
                    "homepage": "http://raam.org/",
                    "role": "developer"
                }
            ],
            "description": "Stub for WordPress themes/plugins that require PHP vX.x+.",
            "homepage": "https://github.com/websharks/wp-php-rv",
            "keywords": [
                "php",
                "websharks",
                "wordpress"
            ],
            "time": "2015-05-04 04:30:58"
        }
    ],
    "packages-dev": [],
    "aliases": [],
    "minimum-stability": "dev",
    "stability-flags": {
        "websharks/wp-php-rv": 20,
        "websharks/html-compressor": 20,
        "websharks/sharkicons": 20
    },
    "prefer-stable": true,
    "prefer-lowest": false,
    "platform": {
        "php": ">=5.3"
    },
    "platform-dev": []
}
